// !$*UTF8*$!
{
	archiveVersion = 1;
	classes = {
	};
	objectVersion = 50;
	objects = {

/* Begin PBXBuildFile section */
		2AA41D2A4C7A9E7F347A69E3 /* libPods-IgnorePodsUITests.a in Frameworks */ = {isa = PBXBuildFile; fileRef = A14B6AF93E2F8A5C5F3FA6B1 /* libPods-IgnorePodsUITests.a */; };
		7EED35C321771F9D00416768 /* AppDelegate.m in Sources */ = {isa = PBXBuildFile; fileRef = 7EED35C221771F9D00416768 /* AppDelegate.m */; };
		7EED35C621771F9D00416768 /* ViewController.m in Sources */ = {isa = PBXBuildFile; fileRef = 7EED35C521771F9D00416768 /* ViewController.m */; };
		7EED35C921771F9D00416768 /* Main.storyboard in Resources */ = {isa = PBXBuildFile; fileRef = 7EED35C721771F9D00416768 /* Main.storyboard */; };
		7EED35CB21771F9E00416768 /* Assets.xcassets in Resources */ = {isa = PBXBuildFile; fileRef = 7EED35CA21771F9E00416768 /* Assets.xcassets */; };
		7EED35CE21771F9E00416768 /* LaunchScreen.storyboard in Resources */ = {isa = PBXBuildFile; fileRef = 7EED35CC21771F9E00416768 /* LaunchScreen.storyboard */; };
		7EED35D121771F9E00416768 /* main.m in Sources */ = {isa = PBXBuildFile; fileRef = 7EED35D021771F9E00416768 /* main.m */; };
		7EED35DB21771F9E00416768 /* IgnorePodsTests.m in Sources */ = {isa = PBXBuildFile; fileRef = 7EED35DA21771F9E00416768 /* IgnorePodsTests.m */; };
		7EED35E621771F9E00416768 /* IgnorePodsUITests.m in Sources */ = {isa = PBXBuildFile; fileRef = 7EED35E521771F9E00416768 /* IgnorePodsUITests.m */; };
		C08216D3F6F9B9194D056E79 /* libPods-IgnorePods.a in Frameworks */ = {isa = PBXBuildFile; fileRef = 938638E23B2EB7032A4287E0 /* libPods-IgnorePods.a */; };
		F17900C43833F176CB4C08CE /* libPods-IgnorePodsTests.a in Frameworks */ = {isa = PBXBuildFile; fileRef = E6B157E07010D64754B28A05 /* libPods-IgnorePodsTests.a */; };
/* End PBXBuildFile section */

/* Begin PBXContainerItemProxy section */
		7EED35D721771F9E00416768 /* PBXContainerItemProxy */ = {
			isa = PBXContainerItemProxy;
			containerPortal = 7EED35B621771F9D00416768 /* Project object */;
			proxyType = 1;
			remoteGlobalIDString = 7EED35BD21771F9D00416768;
			remoteInfo = IgnorePods;
		};
		7EED35E221771F9E00416768 /* PBXContainerItemProxy */ = {
			isa = PBXContainerItemProxy;
			containerPortal = 7EED35B621771F9D00416768 /* Project object */;
			proxyType = 1;
			remoteGlobalIDString = 7EED35BD21771F9D00416768;
			remoteInfo = IgnorePods;
		};
/* End PBXContainerItemProxy section */

/* Begin PBXFileReference section */
		4B12D37016297FDE4AE99943 /* Pods-IgnorePodsUITests.debug.xcconfig */ = {isa = PBXFileReference; includeInIndex = 1; lastKnownFileType = text.xcconfig; name = "Pods-IgnorePodsUITests.debug.xcconfig"; path = "Pods/Target Support Files/Pods-IgnorePodsUITests/Pods-IgnorePodsUITests.debug.xcconfig"; sourceTree = "<group>"; };
		55A4E74CE02DA5E9D6421202 /* Pods-IgnorePodsTests.release.xcconfig */ = {isa = PBXFileReference; includeInIndex = 1; lastKnownFileType = text.xcconfig; name = "Pods-IgnorePodsTests.release.xcconfig"; path = "Pods/Target Support Files/Pods-IgnorePodsTests/Pods-IgnorePodsTests.release.xcconfig"; sourceTree = "<group>"; };
		5F141BFE3D110847F7472F2E /* Pods-IgnorePodsUITests.release.xcconfig */ = {isa = PBXFileReference; includeInIndex = 1; lastKnownFileType = text.xcconfig; name = "Pods-IgnorePodsUITests.release.xcconfig"; path = "Pods/Target Support Files/Pods-IgnorePodsUITests/Pods-IgnorePodsUITests.release.xcconfig"; sourceTree = "<group>"; };
		7EED35BE21771F9D00416768 /* IgnorePods.app */ = {isa = PBXFileReference; explicitFileType = wrapper.application; includeInIndex = 0; path = IgnorePods.app; sourceTree = BUILT_PRODUCTS_DIR; };
		7EED35C121771F9D00416768 /* AppDelegate.h */ = {isa = PBXFileReference; lastKnownFileType = sourcecode.c.h; path = AppDelegate.h; sourceTree = "<group>"; };
		7EED35C221771F9D00416768 /* AppDelegate.m */ = {isa = PBXFileReference; lastKnownFileType = sourcecode.c.objc; path = AppDelegate.m; sourceTree = "<group>"; };
		7EED35C421771F9D00416768 /* ViewController.h */ = {isa = PBXFileReference; lastKnownFileType = sourcecode.c.h; path = ViewController.h; sourceTree = "<group>"; };
		7EED35C521771F9D00416768 /* ViewController.m */ = {isa = PBXFileReference; lastKnownFileType = sourcecode.c.objc; path = ViewController.m; sourceTree = "<group>"; };
		7EED35C821771F9D00416768 /* Base */ = {isa = PBXFileReference; lastKnownFileType = file.storyboard; name = Base; path = Base.lproj/Main.storyboard; sourceTree = "<group>"; };
		7EED35CA21771F9E00416768 /* Assets.xcassets */ = {isa = PBXFileReference; lastKnownFileType = folder.assetcatalog; path = Assets.xcassets; sourceTree = "<group>"; };
		7EED35CD21771F9E00416768 /* Base */ = {isa = PBXFileReference; lastKnownFileType = file.storyboard; name = Base; path = Base.lproj/LaunchScreen.storyboard; sourceTree = "<group>"; };
		7EED35CF21771F9E00416768 /* Info.plist */ = {isa = PBXFileReference; lastKnownFileType = text.plist.xml; path = Info.plist; sourceTree = "<group>"; };
		7EED35D021771F9E00416768 /* main.m */ = {isa = PBXFileReference; lastKnownFileType = sourcecode.c.objc; path = main.m; sourceTree = "<group>"; };
		7EED35D621771F9E00416768 /* IgnorePodsTests.xctest */ = {isa = PBXFileReference; explicitFileType = wrapper.cfbundle; includeInIndex = 0; path = IgnorePodsTests.xctest; sourceTree = BUILT_PRODUCTS_DIR; };
		7EED35DA21771F9E00416768 /* IgnorePodsTests.m */ = {isa = PBXFileReference; lastKnownFileType = sourcecode.c.objc; path = IgnorePodsTests.m; sourceTree = "<group>"; };
		7EED35DC21771F9E00416768 /* Info.plist */ = {isa = PBXFileReference; lastKnownFileType = text.plist.xml; path = Info.plist; sourceTree = "<group>"; };
		7EED35E121771F9E00416768 /* IgnorePodsUITests.xctest */ = {isa = PBXFileReference; explicitFileType = wrapper.cfbundle; includeInIndex = 0; path = IgnorePodsUITests.xctest; sourceTree = BUILT_PRODUCTS_DIR; };
		7EED35E521771F9E00416768 /* IgnorePodsUITests.m */ = {isa = PBXFileReference; lastKnownFileType = sourcecode.c.objc; path = IgnorePodsUITests.m; sourceTree = "<group>"; };
		7EED35E721771F9E00416768 /* Info.plist */ = {isa = PBXFileReference; lastKnownFileType = text.plist.xml; path = Info.plist; sourceTree = "<group>"; };
		920852C46BC45CB08B343DDE /* Pods-IgnorePods.debug.xcconfig */ = {isa = PBXFileReference; includeInIndex = 1; lastKnownFileType = text.xcconfig; name = "Pods-IgnorePods.debug.xcconfig"; path = "Pods/Target Support Files/Pods-IgnorePods/Pods-IgnorePods.debug.xcconfig"; sourceTree = "<group>"; };
		938638E23B2EB7032A4287E0 /* libPods-IgnorePods.a */ = {isa = PBXFileReference; explicitFileType = archive.ar; includeInIndex = 0; path = "libPods-IgnorePods.a"; sourceTree = BUILT_PRODUCTS_DIR; };
		A14B6AF93E2F8A5C5F3FA6B1 /* libPods-IgnorePodsUITests.a */ = {isa = PBXFileReference; explicitFileType = archive.ar; includeInIndex = 0; path = "libPods-IgnorePodsUITests.a"; sourceTree = BUILT_PRODUCTS_DIR; };
		D06D743E038FF43A12E4841B /* Pods-IgnorePodsTests.debug.xcconfig */ = {isa = PBXFileReference; includeInIndex = 1; lastKnownFileType = text.xcconfig; name = "Pods-IgnorePodsTests.debug.xcconfig"; path = "Pods/Target Support Files/Pods-IgnorePodsTests/Pods-IgnorePodsTests.debug.xcconfig"; sourceTree = "<group>"; };
		D3462C4552CD558B8D175D39 /* Pods-IgnorePods.release.xcconfig */ = {isa = PBXFileReference; includeInIndex = 1; lastKnownFileType = text.xcconfig; name = "Pods-IgnorePods.release.xcconfig"; path = "Pods/Target Support Files/Pods-IgnorePods/Pods-IgnorePods.release.xcconfig"; sourceTree = "<group>"; };
		E6B157E07010D64754B28A05 /* libPods-IgnorePodsTests.a */ = {isa = PBXFileReference; explicitFileType = archive.ar; includeInIndex = 0; path = "libPods-IgnorePodsTests.a"; sourceTree = BUILT_PRODUCTS_DIR; };
/* End PBXFileReference section */

/* Begin PBXFrameworksBuildPhase section */
		7EED35BB21771F9D00416768 /* Frameworks */ = {
			isa = PBXFrameworksBuildPhase;
			buildActionMask = 2147483647;
			files = (
				C08216D3F6F9B9194D056E79 /* libPods-IgnorePods.a in Frameworks */,
			);
			runOnlyForDeploymentPostprocessing = 0;
		};
		7EED35D321771F9E00416768 /* Frameworks */ = {
			isa = PBXFrameworksBuildPhase;
			buildActionMask = 2147483647;
			files = (
				F17900C43833F176CB4C08CE /* libPods-IgnorePodsTests.a in Frameworks */,
			);
			runOnlyForDeploymentPostprocessing = 0;
		};
		7EED35DE21771F9E00416768 /* Frameworks */ = {
			isa = PBXFrameworksBuildPhase;
			buildActionMask = 2147483647;
			files = (
				2AA41D2A4C7A9E7F347A69E3 /* libPods-IgnorePodsUITests.a in Frameworks */,
			);
			runOnlyForDeploymentPostprocessing = 0;
		};
/* End PBXFrameworksBuildPhase section */

/* Begin PBXGroup section */
		64EFEFB7F193EF4C39872A17 /* Pods */ = {
			isa = PBXGroup;
			children = (
				920852C46BC45CB08B343DDE /* Pods-IgnorePods.debug.xcconfig */,
				D3462C4552CD558B8D175D39 /* Pods-IgnorePods.release.xcconfig */,
				D06D743E038FF43A12E4841B /* Pods-IgnorePodsTests.debug.xcconfig */,
				55A4E74CE02DA5E9D6421202 /* Pods-IgnorePodsTests.release.xcconfig */,
				4B12D37016297FDE4AE99943 /* Pods-IgnorePodsUITests.debug.xcconfig */,
				5F141BFE3D110847F7472F2E /* Pods-IgnorePodsUITests.release.xcconfig */,
			);
			name = Pods;
			sourceTree = "<group>";
		};
		7EED35B521771F9D00416768 = {
			isa = PBXGroup;
			children = (
				7EED35C021771F9D00416768 /* IgnorePods */,
				7EED35D921771F9E00416768 /* IgnorePodsTests */,
				7EED35E421771F9E00416768 /* IgnorePodsUITests */,
				7EED35BF21771F9D00416768 /* Products */,
				64EFEFB7F193EF4C39872A17 /* Pods */,
				EBB9210A27AA921A130DF45A /* Frameworks */,
			);
			sourceTree = "<group>";
		};
		7EED35BF21771F9D00416768 /* Products */ = {
			isa = PBXGroup;
			children = (
				7EED35BE21771F9D00416768 /* IgnorePods.app */,
				7EED35D621771F9E00416768 /* IgnorePodsTests.xctest */,
				7EED35E121771F9E00416768 /* IgnorePodsUITests.xctest */,
			);
			name = Products;
			sourceTree = "<group>";
		};
		7EED35C021771F9D00416768 /* IgnorePods */ = {
			isa = PBXGroup;
			children = (
				7EED35C121771F9D00416768 /* AppDelegate.h */,
				7EED35C221771F9D00416768 /* AppDelegate.m */,
				7EED35C421771F9D00416768 /* ViewController.h */,
				7EED35C521771F9D00416768 /* ViewController.m */,
				7EED35C721771F9D00416768 /* Main.storyboard */,
				7EED35CA21771F9E00416768 /* Assets.xcassets */,
				7EED35CC21771F9E00416768 /* LaunchScreen.storyboard */,
				7EED35CF21771F9E00416768 /* Info.plist */,
				7EED35D021771F9E00416768 /* main.m */,
			);
			path = IgnorePods;
			sourceTree = "<group>";
		};
		7EED35D921771F9E00416768 /* IgnorePodsTests */ = {
			isa = PBXGroup;
			children = (
				7EED35DA21771F9E00416768 /* IgnorePodsTests.m */,
				7EED35DC21771F9E00416768 /* Info.plist */,
			);
			path = IgnorePodsTests;
			sourceTree = "<group>";
		};
		7EED35E421771F9E00416768 /* IgnorePodsUITests */ = {
			isa = PBXGroup;
			children = (
				7EED35E521771F9E00416768 /* IgnorePodsUITests.m */,
				7EED35E721771F9E00416768 /* Info.plist */,
			);
			path = IgnorePodsUITests;
			sourceTree = "<group>";
		};
		EBB9210A27AA921A130DF45A /* Frameworks */ = {
			isa = PBXGroup;
			children = (
				938638E23B2EB7032A4287E0 /* libPods-IgnorePods.a */,
				E6B157E07010D64754B28A05 /* libPods-IgnorePodsTests.a */,
				A14B6AF93E2F8A5C5F3FA6B1 /* libPods-IgnorePodsUITests.a */,
			);
			name = Frameworks;
			sourceTree = "<group>";
		};
/* End PBXGroup section */

/* Begin PBXNativeTarget section */
		7EED35BD21771F9D00416768 /* IgnorePods */ = {
			isa = PBXNativeTarget;
			buildConfigurationList = 7EED35EA21771F9E00416768 /* Build configuration list for PBXNativeTarget "IgnorePods" */;
			buildPhases = (
				A2B04600D82F16A9A2468BE0 /* [CP] Check Pods Manifest.lock */,
				7EED35BA21771F9D00416768 /* Sources */,
				7EED35BB21771F9D00416768 /* Frameworks */,
				7EED35BC21771F9D00416768 /* Resources */,
				D54E9CD5002B75F7C7C9A0CC /* [CP] Embed Pods Frameworks */,
				8668F9A47F2141901E179E22 /* [CP] Copy Pods Resources */,
			);
			buildRules = (
			);
			dependencies = (
			);
			name = IgnorePods;
			productName = IgnorePods;
			productReference = 7EED35BE21771F9D00416768 /* IgnorePods.app */;
			productType = "com.apple.product-type.application";
		};
		7EED35D521771F9E00416768 /* IgnorePodsTests */ = {
			isa = PBXNativeTarget;
			buildConfigurationList = 7EED35ED21771F9E00416768 /* Build configuration list for PBXNativeTarget "IgnorePodsTests" */;
			buildPhases = (
				93B1769AD8AB8C630940BDEF /* [CP] Check Pods Manifest.lock */,
				7EED35D221771F9E00416768 /* Sources */,
				7EED35D321771F9E00416768 /* Frameworks */,
				7EED35D421771F9E00416768 /* Resources */,
				AA86B6A912864B62E2F8D162 /* [CP] Embed Pods Frameworks */,
				0A72D84187C0407602DE1DE3 /* [CP] Copy Pods Resources */,
			);
			buildRules = (
			);
			dependencies = (
				7EED35D821771F9E00416768 /* PBXTargetDependency */,
			);
			name = IgnorePodsTests;
			productName = IgnorePodsTests;
			productReference = 7EED35D621771F9E00416768 /* IgnorePodsTests.xctest */;
			productType = "com.apple.product-type.bundle.unit-test";
		};
		7EED35E021771F9E00416768 /* IgnorePodsUITests */ = {
			isa = PBXNativeTarget;
			buildConfigurationList = 7EED35F021771F9E00416768 /* Build configuration list for PBXNativeTarget "IgnorePodsUITests" */;
			buildPhases = (
				02963A24A0C2FBE47250907F /* [CP] Check Pods Manifest.lock */,
				7EED35DD21771F9E00416768 /* Sources */,
				7EED35DE21771F9E00416768 /* Frameworks */,
				7EED35DF21771F9E00416768 /* Resources */,
				C7221F3E11334FE266016B88 /* [CP] Embed Pods Frameworks */,
				3C543ACAC9E0574D21F12706 /* [CP] Copy Pods Resources */,
			);
			buildRules = (
			);
			dependencies = (
				7EED35E321771F9E00416768 /* PBXTargetDependency */,
			);
			name = IgnorePodsUITests;
			productName = IgnorePodsUITests;
			productReference = 7EED35E121771F9E00416768 /* IgnorePodsUITests.xctest */;
			productType = "com.apple.product-type.bundle.ui-testing";
		};
/* End PBXNativeTarget section */

/* Begin PBXProject section */
		7EED35B621771F9D00416768 /* Project object */ = {
			isa = PBXProject;
			attributes = {
				LastUpgradeCheck = 1000;
				ORGANIZATIONNAME = weuse_hao;
				TargetAttributes = {
					7EED35BD21771F9D00416768 = {
						CreatedOnToolsVersion = 10.0;
					};
					7EED35D521771F9E00416768 = {
						CreatedOnToolsVersion = 10.0;
						TestTargetID = 7EED35BD21771F9D00416768;
					};
					7EED35E021771F9E00416768 = {
						CreatedOnToolsVersion = 10.0;
						TestTargetID = 7EED35BD21771F9D00416768;
					};
				};
			};
			buildConfigurationList = 7EED35B921771F9D00416768 /* Build configuration list for PBXProject "IgnorePods" */;
			compatibilityVersion = "Xcode 9.3";
			developmentRegion = en;
			hasScannedForEncodings = 0;
			knownRegions = (
				en,
				Base,
			);
			mainGroup = 7EED35B521771F9D00416768;
			productRefGroup = 7EED35BF21771F9D00416768 /* Products */;
			projectDirPath = "";
			projectRoot = "";
			targets = (
				7EED35BD21771F9D00416768 /* IgnorePods */,
				7EED35D521771F9E00416768 /* IgnorePodsTests */,
				7EED35E021771F9E00416768 /* IgnorePodsUITests */,
			);
		};
/* End PBXProject section */

/* Begin PBXResourcesBuildPhase section */
		7EED35BC21771F9D00416768 /* Resources */ = {
			isa = PBXResourcesBuildPhase;
			buildActionMask = 2147483647;
			files = (
				7EED35CE21771F9E00416768 /* LaunchScreen.storyboard in Resources */,
				7EED35CB21771F9E00416768 /* Assets.xcassets in Resources */,
				7EED35C921771F9D00416768 /* Main.storyboard in Resources */,
			);
			runOnlyForDeploymentPostprocessing = 0;
		};
		7EED35D421771F9E00416768 /* Resources */ = {
			isa = PBXResourcesBuildPhase;
			buildActionMask = 2147483647;
			files = (
			);
			runOnlyForDeploymentPostprocessing = 0;
		};
		7EED35DF21771F9E00416768 /* Resources */ = {
			isa = PBXResourcesBuildPhase;
			buildActionMask = 2147483647;
			files = (
			);
			runOnlyForDeploymentPostprocessing = 0;
		};
/* End PBXResourcesBuildPhase section */

/* Begin PBXShellScriptBuildPhase section */
		02963A24A0C2FBE47250907F /* [CP] Check Pods Manifest.lock */ = {
			isa = PBXShellScriptBuildPhase;
			buildActionMask = 2147483647;
			files = (
			);
			inputPaths = (
				"${PODS_PODFILE_DIR_PATH}/Podfile.lock",
				"${PODS_ROOT}/Manifest.lock",
			);
			name = "[CP] Check Pods Manifest.lock";
			outputPaths = (
				"$(DERIVED_FILE_DIR)/Pods-IgnorePodsUITests-checkManifestLockResult.txt",
			);
			runOnlyForDeploymentPostprocessing = 0;
			shellPath = /bin/sh;
			shellScript = "diff \"${PODS_PODFILE_DIR_PATH}/Podfile.lock\" \"${PODS_ROOT}/Manifest.lock\" > /dev/null\nif [ $? != 0 ] ; then\n    # print error to STDERR\n    echo \"error: The sandbox is not in sync with the Podfile.lock. Run 'pod install' or update your CocoaPods installation.\" >&2\n    exit 1\nfi\n# This output is used by Xcode 'outputs' to avoid re-running this script phase.\necho \"SUCCESS\" > \"${SCRIPT_OUTPUT_FILE_0}\"\n";
			showEnvVarsInLog = 0;
		};
		0A72D84187C0407602DE1DE3 /* [CP] Copy Pods Resources */ = {
			isa = PBXShellScriptBuildPhase;
			buildActionMask = 2147483647;
			files = (
			);
			inputPaths = (
			);
			name = "[CP] Copy Pods Resources";
			outputPaths = (
			);
			runOnlyForDeploymentPostprocessing = 0;
			shellPath = /bin/sh;
			shellScript = "\"${SRCROOT}/Pods/Target Support Files/Pods-IgnorePodsTests/Pods-IgnorePodsTests-resources.sh\"\n";
			showEnvVarsInLog = 0;
		};
		3C543ACAC9E0574D21F12706 /* [CP] Copy Pods Resources */ = {
			isa = PBXShellScriptBuildPhase;
			buildActionMask = 2147483647;
			files = (
			);
			inputPaths = (
			);
			name = "[CP] Copy Pods Resources";
			outputPaths = (
			);
			runOnlyForDeploymentPostprocessing = 0;
			shellPath = /bin/sh;
			shellScript = "\"${SRCROOT}/Pods/Target Support Files/Pods-IgnorePodsUITests/Pods-IgnorePodsUITests-resources.sh\"\n";
			showEnvVarsInLog = 0;
		};
		8668F9A47F2141901E179E22 /* [CP] Copy Pods Resources */ = {
			isa = PBXShellScriptBuildPhase;
			buildActionMask = 2147483647;
			files = (
			);
			inputPaths = (
			);
			name = "[CP] Copy Pods Resources";
			outputPaths = (
			);
			runOnlyForDeploymentPostprocessing = 0;
			shellPath = /bin/sh;
			shellScript = "\"${SRCROOT}/Pods/Target Support Files/Pods-IgnorePods/Pods-IgnorePods-resources.sh\"\n";
			showEnvVarsInLog = 0;
		};
		93B1769AD8AB8C630940BDEF /* [CP] Check Pods Manifest.lock */ = {
			isa = PBXShellScriptBuildPhase;
			buildActionMask = 2147483647;
			files = (
			);
			inputPaths = (
				"${PODS_PODFILE_DIR_PATH}/Podfile.lock",
				"${PODS_ROOT}/Manifest.lock",
			);
			name = "[CP] Check Pods Manifest.lock";
			outputPaths = (
				"$(DERIVED_FILE_DIR)/Pods-IgnorePodsTests-checkManifestLockResult.txt",
			);
			runOnlyForDeploymentPostprocessing = 0;
			shellPath = /bin/sh;
			shellScript = "diff \"${PODS_PODFILE_DIR_PATH}/Podfile.lock\" \"${PODS_ROOT}/Manifest.lock\" > /dev/null\nif [ $? != 0 ] ; then\n    # print error to STDERR\n    echo \"error: The sandbox is not in sync with the Podfile.lock. Run 'pod install' or update your CocoaPods installation.\" >&2\n    exit 1\nfi\n# This output is used by Xcode 'outputs' to avoid re-running this script phase.\necho \"SUCCESS\" > \"${SCRIPT_OUTPUT_FILE_0}\"\n";
			showEnvVarsInLog = 0;
		};
		A2B04600D82F16A9A2468BE0 /* [CP] Check Pods Manifest.lock */ = {
			isa = PBXShellScriptBuildPhase;
			buildActionMask = 2147483647;
			files = (
			);
			inputPaths = (
				"${PODS_PODFILE_DIR_PATH}/Podfile.lock",
				"${PODS_ROOT}/Manifest.lock",
			);
			name = "[CP] Check Pods Manifest.lock";
			outputPaths = (
				"$(DERIVED_FILE_DIR)/Pods-IgnorePods-checkManifestLockResult.txt",
			);
			runOnlyForDeploymentPostprocessing = 0;
			shellPath = /bin/sh;
			shellScript = "diff \"${PODS_PODFILE_DIR_PATH}/Podfile.lock\" \"${PODS_ROOT}/Manifest.lock\" > /dev/null\nif [ $? != 0 ] ; then\n    # print error to STDERR\n    echo \"error: The sandbox is not in sync with the Podfile.lock. Run 'pod install' or update your CocoaPods installation.\" >&2\n    exit 1\nfi\n# This output is used by Xcode 'outputs' to avoid re-running this script phase.\necho \"SUCCESS\" > \"${SCRIPT_OUTPUT_FILE_0}\"\n";
			showEnvVarsInLog = 0;
		};
		AA86B6A912864B62E2F8D162 /* [CP] Embed Pods Frameworks */ = {
			isa = PBXShellScriptBuildPhase;
			buildActionMask = 2147483647;
			files = (
			);
			inputPaths = (
			);
			name = "[CP] Embed Pods Frameworks";
			outputPaths = (
			);
			runOnlyForDeploymentPostprocessing = 0;
			shellPath = /bin/sh;
			shellScript = "\"${SRCROOT}/Pods/Target Support Files/Pods-IgnorePodsTests/Pods-IgnorePodsTests-frameworks.sh\"\n";
			showEnvVarsInLog = 0;
		};
		C7221F3E11334FE266016B88 /* [CP] Embed Pods Frameworks */ = {
			isa = PBXShellScriptBuildPhase;
			buildActionMask = 2147483647;
			files = (
			);
			inputPaths = (
			);
			name = "[CP] Embed Pods Frameworks";
			outputPaths = (
			);
			runOnlyForDeploymentPostprocessing = 0;
			shellPath = /bin/sh;
			shellScript = "\"${SRCROOT}/Pods/Target Support Files/Pods-IgnorePodsUITests/Pods-IgnorePodsUITests-frameworks.sh\"\n";
			showEnvVarsInLog = 0;
		};
		D54E9CD5002B75F7C7C9A0CC /* [CP] Embed Pods Frameworks */ = {
			isa = PBXShellScriptBuildPhase;
			buildActionMask = 2147483647;
			files = (
			);
			inputPaths = (
			);
			name = "[CP] Embed Pods Frameworks";
			outputPaths = (
			);
			runOnlyForDeploymentPostprocessing = 0;
			shellPath = /bin/sh;
			shellScript = "\"${SRCROOT}/Pods/Target Support Files/Pods-IgnorePods/Pods-IgnorePods-frameworks.sh\"\n";
			showEnvVarsInLog = 0;
		};
/* End PBXShellScriptBuildPhase section */

/* Begin PBXSourcesBuildPhase section */
		7EED35BA21771F9D00416768 /* Sources */ = {
			isa = PBXSourcesBuildPhase;
			buildActionMask = 2147483647;
			files = (
				7EED35C621771F9D00416768 /* ViewController.m in Sources */,
				7EED35D121771F9E00416768 /* main.m in Sources */,
				7EED35C321771F9D00416768 /* AppDelegate.m in Sources */,
			);
			runOnlyForDeploymentPostprocessing = 0;
		};
		7EED35D221771F9E00416768 /* Sources */ = {
			isa = PBXSourcesBuildPhase;
			buildActionMask = 2147483647;
			files = (
				7EED35DB21771F9E00416768 /* IgnorePodsTests.m in Sources */,
			);
			runOnlyForDeploymentPostprocessing = 0;
		};
		7EED35DD21771F9E00416768 /* Sources */ = {
			isa = PBXSourcesBuildPhase;
			buildActionMask = 2147483647;
			files = (
				7EED35E621771F9E00416768 /* IgnorePodsUITests.m in Sources */,
			);
			runOnlyForDeploymentPostprocessing = 0;
		};
/* End PBXSourcesBuildPhase section */

/* Begin PBXTargetDependency section */
		7EED35D821771F9E00416768 /* PBXTargetDependency */ = {
			isa = PBXTargetDependency;
			target = 7EED35BD21771F9D00416768 /* IgnorePods */;
			targetProxy = 7EED35D721771F9E00416768 /* PBXContainerItemProxy */;
		};
		7EED35E321771F9E00416768 /* PBXTargetDependency */ = {
			isa = PBXTargetDependency;
			target = 7EED35BD21771F9D00416768 /* IgnorePods */;
			targetProxy = 7EED35E221771F9E00416768 /* PBXContainerItemProxy */;
		};
/* End PBXTargetDependency section */

/* Begin PBXVariantGroup section */
		7EED35C721771F9D00416768 /* Main.storyboard */ = {
			isa = PBXVariantGroup;
			children = (
				7EED35C821771F9D00416768 /* Base */,
			);
			name = Main.storyboard;
			sourceTree = "<group>";
		};
		7EED35CC21771F9E00416768 /* LaunchScreen.storyboard */ = {
			isa = PBXVariantGroup;
			children = (
				7EED35CD21771F9E00416768 /* Base */,
			);
			name = LaunchScreen.storyboard;
			sourceTree = "<group>";
		};
/* End PBXVariantGroup section */

/* Begin XCBuildConfiguration section */
		7EED35E821771F9E00416768 /* Debug */ = {
			isa = XCBuildConfiguration;
			buildSettings = {
				ALWAYS_SEARCH_USER_PATHS = NO;
				CLANG_ANALYZER_NONNULL = YES;
				CLANG_ANALYZER_NUMBER_OBJECT_CONVERSION = YES_AGGRESSIVE;
				CLANG_CXX_LANGUAGE_STANDARD = "gnu++14";
				CLANG_CXX_LIBRARY = "libc++";
				CLANG_ENABLE_MODULES = YES;
				CLANG_ENABLE_OBJC_ARC = YES;
				CLANG_ENABLE_OBJC_WEAK = YES;
				CLANG_WARN_BLOCK_CAPTURE_AUTORELEASING = YES;
				CLANG_WARN_BOOL_CONVERSION = YES;
				CLANG_WARN_COMMA = YES;
				CLANG_WARN_CONSTANT_CONVERSION = YES;
				CLANG_WARN_DEPRECATED_OBJC_IMPLEMENTATIONS = YES;
				CLANG_WARN_DIRECT_OBJC_ISA_USAGE = YES_ERROR;
				CLANG_WARN_DOCUMENTATION_COMMENTS = YES;
				CLANG_WARN_EMPTY_BODY = YES;
				CLANG_WARN_ENUM_CONVERSION = YES;
				CLANG_WARN_INFINITE_RECURSION = YES;
				CLANG_WARN_INT_CONVERSION = YES;
				CLANG_WARN_NON_LITERAL_NULL_CONVERSION = YES;
				CLANG_WARN_OBJC_IMPLICIT_RETAIN_SELF = YES;
				CLANG_WARN_OBJC_LITERAL_CONVERSION = YES;
				CLANG_WARN_OBJC_ROOT_CLASS = YES_ERROR;
				CLANG_WARN_RANGE_LOOP_ANALYSIS = YES;
				CLANG_WARN_STRICT_PROTOTYPES = YES;
				CLANG_WARN_SUSPICIOUS_MOVE = YES;
				CLANG_WARN_UNGUARDED_AVAILABILITY = YES_AGGRESSIVE;
				CLANG_WARN_UNREACHABLE_CODE = YES;
				CLANG_WARN__DUPLICATE_METHOD_MATCH = YES;
				CODE_SIGN_IDENTITY = "iPhone Developer";
				COPY_PHASE_STRIP = NO;
				DEBUG_INFORMATION_FORMAT = dwarf;
				ENABLE_STRICT_OBJC_MSGSEND = YES;
				ENABLE_TESTABILITY = YES;
				GCC_C_LANGUAGE_STANDARD = gnu11;
				GCC_DYNAMIC_NO_PIC = NO;
				GCC_NO_COMMON_BLOCKS = YES;
				GCC_OPTIMIZATION_LEVEL = 0;
				GCC_PREPROCESSOR_DEFINITIONS = (
					"DEBUG=1",
					"$(inherited)",
				);
				GCC_WARN_64_TO_32_BIT_CONVERSION = YES;
				GCC_WARN_ABOUT_RETURN_TYPE = YES_ERROR;
				GCC_WARN_UNDECLARED_SELECTOR = YES;
				GCC_WARN_UNINITIALIZED_AUTOS = YES_AGGRESSIVE;
				GCC_WARN_UNUSED_FUNCTION = YES;
				GCC_WARN_UNUSED_VARIABLE = YES;
				IPHONEOS_DEPLOYMENT_TARGET = 12.0;
				MTL_ENABLE_DEBUG_INFO = INCLUDE_SOURCE;
				MTL_FAST_MATH = YES;
				ONLY_ACTIVE_ARCH = YES;
				SDKROOT = iphoneos;
			};
			name = Debug;
		};
		7EED35E921771F9E00416768 /* Release */ = {
			isa = XCBuildConfiguration;
			buildSettings = {
				ALWAYS_SEARCH_USER_PATHS = NO;
				CLANG_ANALYZER_NONNULL = YES;
				CLANG_ANALYZER_NUMBER_OBJECT_CONVERSION = YES_AGGRESSIVE;
				CLANG_CXX_LANGUAGE_STANDARD = "gnu++14";
				CLANG_CXX_LIBRARY = "libc++";
				CLANG_ENABLE_MODULES = YES;
				CLANG_ENABLE_OBJC_ARC = YES;
				CLANG_ENABLE_OBJC_WEAK = YES;
				CLANG_WARN_BLOCK_CAPTURE_AUTORELEASING = YES;
				CLANG_WARN_BOOL_CONVERSION = YES;
				CLANG_WARN_COMMA = YES;
				CLANG_WARN_CONSTANT_CONVERSION = YES;
				CLANG_WARN_DEPRECATED_OBJC_IMPLEMENTATIONS = YES;
				CLANG_WARN_DIRECT_OBJC_ISA_USAGE = YES_ERROR;
				CLANG_WARN_DOCUMENTATION_COMMENTS = YES;
				CLANG_WARN_EMPTY_BODY = YES;
				CLANG_WARN_ENUM_CONVERSION = YES;
				CLANG_WARN_INFINITE_RECURSION = YES;
				CLANG_WARN_INT_CONVERSION = YES;
				CLANG_WARN_NON_LITERAL_NULL_CONVERSION = YES;
				CLANG_WARN_OBJC_IMPLICIT_RETAIN_SELF = YES;
				CLANG_WARN_OBJC_LITERAL_CONVERSION = YES;
				CLANG_WARN_OBJC_ROOT_CLASS = YES_ERROR;
				CLANG_WARN_RANGE_LOOP_ANALYSIS = YES;
				CLANG_WARN_STRICT_PROTOTYPES = YES;
				CLANG_WARN_SUSPICIOUS_MOVE = YES;
				CLANG_WARN_UNGUARDED_AVAILABILITY = YES_AGGRESSIVE;
				CLANG_WARN_UNREACHABLE_CODE = YES;
				CLANG_WARN__DUPLICATE_METHOD_MATCH = YES;
				CODE_SIGN_IDENTITY = "iPhone Developer";
				COPY_PHASE_STRIP = NO;
				DEBUG_INFORMATION_FORMAT = "dwarf-with-dsym";
				ENABLE_NS_ASSERTIONS = NO;
				ENABLE_STRICT_OBJC_MSGSEND = YES;
				GCC_C_LANGUAGE_STANDARD = gnu11;
				GCC_NO_COMMON_BLOCKS = YES;
				GCC_WARN_64_TO_32_BIT_CONVERSION = YES;
				GCC_WARN_ABOUT_RETURN_TYPE = YES_ERROR;
				GCC_WARN_UNDECLARED_SELECTOR = YES;
				GCC_WARN_UNINITIALIZED_AUTOS = YES_AGGRESSIVE;
				GCC_WARN_UNUSED_FUNCTION = YES;
				GCC_WARN_UNUSED_VARIABLE = YES;
				IPHONEOS_DEPLOYMENT_TARGET = 12.0;
				MTL_ENABLE_DEBUG_INFO = NO;
				MTL_FAST_MATH = YES;
				SDKROOT = iphoneos;
				VALIDATE_PRODUCT = YES;
			};
			name = Release;
		};
		7EED35EB21771F9E00416768 /* Debug */ = {
			isa = XCBuildConfiguration;
			baseConfigurationReference = 920852C46BC45CB08B343DDE /* Pods-IgnorePods.debug.xcconfig */;
			buildSettings = {
				ASSETCATALOG_COMPILER_APPICON_NAME = AppIcon;
				CODE_SIGN_STYLE = Automatic;
				INFOPLIST_FILE = IgnorePods/Info.plist;
				LD_RUNPATH_SEARCH_PATHS = "$(inherited) @executable_path/Frameworks";
				PRODUCT_BUNDLE_IDENTIFIER = "weuse-hao.IgnorePods";
				PRODUCT_NAME = "$(TARGET_NAME)";
				TARGETED_DEVICE_FAMILY = "1,2";
			};
			name = Debug;
		};
		7EED35EC21771F9E00416768 /* Release */ = {
			isa = XCBuildConfiguration;
			baseConfigurationReference = D3462C4552CD558B8D175D39 /* Pods-IgnorePods.release.xcconfig */;
			buildSettings = {
				ASSETCATALOG_COMPILER_APPICON_NAME = AppIcon;
				CODE_SIGN_STYLE = Automatic;
				INFOPLIST_FILE = IgnorePods/Info.plist;
				LD_RUNPATH_SEARCH_PATHS = "$(inherited) @executable_path/Frameworks";
				PRODUCT_BUNDLE_IDENTIFIER = "weuse-hao.IgnorePods";
				PRODUCT_NAME = "$(TARGET_NAME)";
				TARGETED_DEVICE_FAMILY = "1,2";
			};
			name = Release;
		};
		7EED35EE21771F9E00416768 /* Debug */ = {
			isa = XCBuildConfiguration;
			baseConfigurationReference = D06D743E038FF43A12E4841B /* Pods-IgnorePodsTests.debug.xcconfig */;
			buildSettings = {
				BUNDLE_LOADER = "$(TEST_HOST)";
				CODE_SIGN_STYLE = Automatic;
				INFOPLIST_FILE = IgnorePodsTests/Info.plist;
				LD_RUNPATH_SEARCH_PATHS = "$(inherited) @executable_path/Frameworks @loader_path/Frameworks";
				PRODUCT_BUNDLE_IDENTIFIER = "weuse-hao.IgnorePodsTests";
				PRODUCT_NAME = "$(TARGET_NAME)";
				TARGETED_DEVICE_FAMILY = "1,2";
				TEST_HOST = "$(BUILT_PRODUCTS_DIR)/IgnorePods.app/IgnorePods";
			};
			name = Debug;
		};
		7EED35EF21771F9E00416768 /* Release */ = {
			isa = XCBuildConfiguration;
			baseConfigurationReference = 55A4E74CE02DA5E9D6421202 /* Pods-IgnorePodsTests.release.xcconfig */;
			buildSettings = {
				BUNDLE_LOADER = "$(TEST_HOST)";
				CODE_SIGN_STYLE = Automatic;
				INFOPLIST_FILE = IgnorePodsTests/Info.plist;
				LD_RUNPATH_SEARCH_PATHS = "$(inherited) @executable_path/Frameworks @loader_path/Frameworks";
				PRODUCT_BUNDLE_IDENTIFIER = "weuse-hao.IgnorePodsTests";
				PRODUCT_NAME = "$(TARGET_NAME)";
				TARGETED_DEVICE_FAMILY = "1,2";
				TEST_HOST = "$(BUILT_PRODUCTS_DIR)/IgnorePods.app/IgnorePods";
			};
			name = Release;
		};
		7EED35F121771F9E00416768 /* Debug */ = {
			isa = XCBuildConfiguration;
			baseConfigurationReference = 4B12D37016297FDE4AE99943 /* Pods-IgnorePodsUITests.debug.xcconfig */;
			buildSettings = {
				CODE_SIGN_STYLE = Automatic;
				INFOPLIST_FILE = IgnorePodsUITests/Info.plist;
				LD_RUNPATH_SEARCH_PATHS = "$(inherited) @executable_path/Frameworks @loader_path/Frameworks";
				PRODUCT_BUNDLE_IDENTIFIER = "weuse-hao.IgnorePodsUITests";
				PRODUCT_NAME = "$(TARGET_NAME)";
				TARGETED_DEVICE_FAMILY = "1,2";
				TEST_TARGET_NAME = IgnorePods;
			};
			name = Debug;
		};
		7EED35F221771F9E00416768 /* Release */ = {
			isa = XCBuildConfiguration;
			baseConfigurationReference = 5F141BFE3D110847F7472F2E /* Pods-IgnorePodsUITests.release.xcconfig */;
			buildSettings = {
				CODE_SIGN_STYLE = Automatic;
				INFOPLIST_FILE = IgnorePodsUITests/Info.plist;
				LD_RUNPATH_SEARCH_PATHS = "$(inherited) @executable_path/Frameworks @loader_path/Frameworks";
				PRODUCT_BUNDLE_IDENTIFIER = "weuse-hao.IgnorePodsUITests";
				PRODUCT_NAME = "$(TARGET_NAME)";
				TARGETED_DEVICE_FAMILY = "1,2";
				TEST_TARGET_NAME = IgnorePods;
			};
			name = Release;
		};
/* End XCBuildConfiguration section */

/* Begin XCConfigurationList section */
		7EED35B921771F9D00416768 /* Build configuration list for PBXProject "IgnorePods" */ = {
			isa = XCConfigurationList;
			buildConfigurations = (
				7EED35E821771F9E00416768 /* Debug */,
				7EED35E921771F9E00416768 /* Release */,
			);
			defaultConfigurationIsVisible = 0;
			defaultConfigurationName = Release;
		};
		7EED35EA21771F9E00416768 /* Build configuration list for PBXNativeTarget "IgnorePods" */ = {
			isa = XCConfigurationList;
			buildConfigurations = (
				7EED35EB21771F9E00416768 /* Debug */,
				7EED35EC21771F9E00416768 /* Release */,
			);
			defaultConfigurationIsVisible = 0;
			defaultConfigurationName = Release;
		};
		7EED35ED21771F9E00416768 /* Build configuration list for PBXNativeTarget "IgnorePodsTests" */ = {
			isa = XCConfigurationList;
			buildConfigurations = (
				7EED35EE21771F9E00416768 /* Debug */,
				7EED35EF21771F9E00416768 /* Release */,
			);
			defaultConfigurationIsVisible = 0;
			defaultConfigurationName = Release;
		};
		7EED35F021771F9E00416768 /* Build configuration list for PBXNativeTarget "IgnorePodsUITests" */ = {
			isa = XCConfigurationList;
			buildConfigurations = (
				7EED35F121771F9E00416768 /* Debug */,
				7EED35F221771F9E00416768 /* Release */,
			);
			defaultConfigurationIsVisible = 0;
			defaultConfigurationName = Release;
		};
/* End XCConfigurationList section */
	};
	rootObject = 7EED35B621771F9D00416768 /* Project object */;
}
